
Microsoft Visual Studio Solution File, Format Version 12.00
# Visual Studio Version 17
VisualStudioVersion = 17.1.32407.343
MinimumVisualStudioVersion = 10.0.40219.1
Project("{FAE04EC0-301F-11D3-BF4B-00C04F79EFBC}") = "T-rex game", "T-rex game\T-rex game.csproj", "{6335DD54-F01A-4F12-B292-6121FBD96721}"
EndProject
Global
	GlobalSection(SolutionConfigurationPlatforms) = preSolution
		Debug|Any CPU = Debug|Any CPU
		Release|Any CPU = Release|Any CPU
	EndGlobalSection
	GlobalSection(ProjectConfigurationPlatforms) = postSolution
		{6335DD54-F01A-4F12-B292-6121FBD96721}.Debug|Any CPU.ActiveCfg = Debug|Any CPU
		{6335DD54-F01A-4F12-B292-6121FBD96721}.Debug|Any CPU.Build.0 = Debug|Any CPU
		{6335DD54-F01A-4F12-B292-6121FBD96721}.Release|Any CPU.ActiveCfg = Release|Any CPU
		{6335DD54-F01A-4F12-B292-6121FBD96721}.Release|Any CPU.Build.0 = Release|Any CPU
	EndGlobalSection
	GlobalSection(SolutionProperties) = preSolution
		HideSolutionNode = FALSE
	EndGlobalSection
	GlobalSection(ExtensibilityGlobals) = postSolution
		SolutionGuid = {AD3C8086-3970-4749-A0E3-1F10F755EA3B}
	EndGlobalSection
EndGlobal
